{
  "name": "gyhyfj",
  "lockfileVersion": 2,
  "requires": true,
  "packages": {
    "": {
      "dependencies": {
        "axios": "^0.27.2",
        "pinia": "^2.0.14"
      },
      "devDependencies": {
        "less": "^4.1.3",
        "vitepress": "^1.0.0-alpha.1"
      }
    },
    "node_modules/@algolia/autocomplete-core": {
      "version": "1.7.1",
      "dev": true,
      "license": "MIT",
      "dependencies": {
        "@algolia/autocomplete-shared": "1.7.1"
      }
    },
    "node_modules/@algolia/autocomplete-preset-algolia": {
      "version": "1.7.1",
      "dev": true,
      "license": "MIT",
      "dependencies": {
        "@algolia/autocomplete-shared": "1.7.1"
      },
      "peerDependencies": {
        "@algolia/client-search": "^4.9.1",
        "algoliasearch": "^4.9.1"
      }
    },
    "node_modules/@algolia/autocomplete-shared": {
      "version": "1.7.1",
      "dev": true,
      "license": "MIT"
    },
    "node_modules/@algolia/cache-browser-local-storage": {
      "version": "4.13.1",
      "dev": true,
      "license": "MIT",
      "dependencies": {
        "@algolia/cache-common": "4.13.1"
      }
    },
    "node_modules/@algolia/cache-common": {
      "version": "4.13.1",
      "dev": true,
      "license": "MIT"
    },
    "node_modules/@algolia/cache-in-memory": {
      "version": "4.13.1",
      "dev": true,
      "license": "MIT",
      "dependencies": {
        "@algolia/cache-common": "4.13.1"
      }
    },
    "node_modules/@algolia/client-account": {
      "version": "4.13.1",
      "dev": true,
      "license": "MIT",
      "dependencies": {
        "@algolia/client-common": "4.13.1",
        "@algolia/client-search": "4.13.1",
        "@algolia/transporter": "4.13.1"
      }
    },
    "node_modules/@algolia/client-analytics": {
      "version": "4.13.1",
      "dev": true,
      "license": "MIT",
      "dependencies": {
        "@algolia/client-common": "4.13.1",
        "@algolia/client-search": "4.13.1",
        "@algolia/requester-common": "4.13.1",
        "@algolia/transporter": "4.13.1"
      }
    },
    "node_modules/@algolia/client-common": {
      "version": "4.13.1",
      "dev": true,
      "license": "MIT",
      "dependencies": {
        "@algolia/requester-common": "4.13.1",
        "@algolia/transporter": "4.13.1"
      }
    },
    "node_modules/@algolia/client-personalization": {
      "version": "4.13.1",
      "dev": true,
      "license": "MIT",
      "dependencies": {
        "@algolia/client-common": "4.13.1",
        "@algolia/requester-common": "4.13.1",
        "@algolia/transporter": "4.13.1"
      }
    },
    "node_modules/@algolia/client-search": {
      "version": "4.13.1",
      "dev": true,
      "license": "MIT",
      "dependencies": {
        "@algolia/client-common": "4.13.1",
        "@algolia/requester-common": "4.13.1",
        "@algolia/transporter": "4.13.1"
      }
    },
    "node_modules/@algolia/logger-common": {
      "version": "4.13.1",
      "dev": true,
      "license": "MIT"
    },
    "node_modules/@algolia/logger-console": {
      "version": "4.13.1",
      "dev": true,
      "license": "MIT",
      "dependencies": {
        "@algolia/logger-common": "4.13.1"
      }
    },
    "node_modules/@algolia/requester-browser-xhr": {
      "version": "4.13.1",
      "dev": true,
      "license": "MIT",
      "dependencies": {
        "@algolia/requester-common": "4.13.1"
      }
    },
    "node_modules/@algolia/requester-common": {
      "version": "4.13.1",
      "dev": true,
      "license": "MIT"
    },
    "node_modules/@algolia/requester-node-http": {
      "version": "4.13.1",
      "dev": true,
      "license": "MIT",
      "dependencies": {
        "@algolia/requester-common": "4.13.1"
      }
    },
    "node_modules/@algolia/transporter": {
      "version": "4.13.1",
      "dev": true,
      "license": "MIT",
      "dependencies": {
        "@algolia/cache-common": "4.13.1",
        "@algolia/logger-common": "4.13.1",
        "@algolia/requester-common": "4.13.1"
      }
    },
    "node_modules/@babel/parser": {
      "version": "7.18.8",
      "license": "MIT",
      "bin": {
        "parser": "bin/babel-parser.js"
      },
      "engines": {
        "node": ">=6.0.0"
      }
    },
    "node_modules/@docsearch/css": {
      "version": "3.1.1",
      "dev": true,
      "license": "MIT"
    },
    "node_modules/@docsearch/js": {
      "version": "3.1.1",
      "dev": true,
      "license": "MIT",
      "dependencies": {
        "@docsearch/react": "3.1.1",
        "preact": "^10.0.0"
      }
    },
    "node_modules/@docsearch/react": {
      "version": "3.1.1",
      "dev": true,
      "license": "MIT",
      "dependencies": {
        "@algolia/autocomplete-core": "1.7.1",
        "@algolia/autocomplete-preset-algolia": "1.7.1",
        "@docsearch/css": "3.1.1",
        "algoliasearch": "^4.0.0"
      },
      "peerDependencies": {
        "@types/react": ">= 16.8.0 < 19.0.0",
        "react": ">= 16.8.0 < 19.0.0",
        "react-dom": ">= 16.8.0 < 19.0.0"
      }
    },
    "node_modules/@types/web-bluetooth": {
      "version": "0.0.14",
      "dev": true,
      "license": "MIT"
    },
    "node_modules/@vitejs/plugin-vue": {
      "version": "2.3.3",
      "dev": true,
      "license": "MIT",
      "engines": {
        "node": ">=12.0.0"
      },
      "peerDependencies": {
        "vite": "^2.5.10",
        "vue": "^3.2.25"
      }
    },
    "node_modules/@vue/compiler-core": {
      "version": "3.2.37",
      "license": "MIT",
      "dependencies": {
        "@babel/parser": "^7.16.4",
        "@vue/shared": "3.2.37",
        "estree-walker": "^2.0.2",
        "source-map": "^0.6.1"
      }
    },
    "node_modules/@vue/compiler-dom": {
      "version": "3.2.37",
      "license": "MIT",
      "dependencies": {
        "@vue/compiler-core": "3.2.37",
        "@vue/shared": "3.2.37"
      }
    },
    "node_modules/@vue/compiler-sfc": {
      "version": "3.2.37",
      "license": "MIT",
      "dependencies": {
        "@babel/parser": "^7.16.4",
        "@vue/compiler-core": "3.2.37",
        "@vue/compiler-dom": "3.2.37",
        "@vue/compiler-ssr": "3.2.37",
        "@vue/reactivity-transform": "3.2.37",
        "@vue/shared": "3.2.37",
        "estree-walker": "^2.0.2",
        "magic-string": "^0.25.7",
        "postcss": "^8.1.10",
        "source-map": "^0.6.1"
      }
    },
    "node_modules/@vue/compiler-ssr": {
      "version": "3.2.37",
      "license": "MIT",
      "dependencies": {
        "@vue/compiler-dom": "3.2.37",
        "@vue/shared": "3.2.37"
      }
    },
    "node_modules/@vue/devtools-api": {
      "version": "6.2.1",
      "resolved": "https://registry.npmmirror.com/@vue/devtools-api/-/devtools-api-6.2.1.tgz",
      "integrity": "sha512-OEgAMeQXvCoJ+1x8WyQuVZzFo0wcyCmUR3baRVLmKBo1LmYZWMlRiXlux5jd0fqVJu6PfDbOrZItVqUEzLobeQ=="
    },
    "node_modules/@vue/reactivity": {
      "version": "3.2.37",
      "license": "MIT",
      "dependencies": {
        "@vue/shared": "3.2.37"
      }
    },
    "node_modules/@vue/reactivity-transform": {
      "version": "3.2.37",
      "license": "MIT",
      "dependencies": {
        "@babel/parser": "^7.16.4",
        "@vue/compiler-core": "3.2.37",
        "@vue/shared": "3.2.37",
        "estree-walker": "^2.0.2",
        "magic-string": "^0.25.7"
      }
    },
    "node_modules/@vue/runtime-core": {
      "version": "3.2.37",
      "license": "MIT",
      "dependencies": {
        "@vue/reactivity": "3.2.37",
        "@vue/shared": "3.2.37"
      }
    },
    "node_modules/@vue/runtime-dom": {
      "version": "3.2.37",
      "license": "MIT",
      "dependencies": {
        "@vue/runtime-core": "3.2.37",
        "@vue/shared": "3.2.37",
        "csstype": "^2.6.8"
      }
    },
    "node_modules/@vue/server-renderer": {
      "version": "3.2.37",
      "license": "MIT",
      "dependencies": {
        "@vue/compiler-ssr": "3.2.37",
        "@vue/shared": "3.2.37"
      },
      "peerDependencies": {
        "vue": "3.2.37"
      }
    },
    "node_modules/@vue/shared": {
      "version": "3.2.37",
      "license": "MIT"
    },
    "node_modules/@vueuse/core": {
      "version": "8.9.2",
      "dev": true,
      "license": "MIT",
      "dependencies": {
        "@types/web-bluetooth": "^0.0.14",
        "@vueuse/metadata": "8.9.2",
        "@vueuse/shared": "8.9.2",
        "vue-demi": "*"
      },
      "funding": {
        "url": "https://github.com/sponsors/antfu"
      },
      "peerDependencies": {
        "@vue/composition-api": "^1.1.0",
        "vue": "^2.6.0 || ^3.2.0"
      },
      "peerDependenciesMeta": {
        "@vue/composition-api": {
          "optional": true
        },
        "vue": {
          "optional": true
        }
      }
    },
    "node_modules/@vueuse/metadata": {
      "version": "8.9.2",
      "dev": true,
      "license": "MIT",
      "funding": {
        "url": "https://github.com/sponsors/antfu"
      }
    },
    "node_modules/@vueuse/shared": {
      "version": "8.9.2",
      "dev": true,
      "license": "MIT",
      "dependencies": {
        "vue-demi": "*"
      },
      "funding": {
        "url": "https://github.com/sponsors/antfu"
      },
      "peerDependencies": {
        "@vue/composition-api": "^1.1.0",
        "vue": "^2.6.0 || ^3.2.0"
      },
      "peerDependenciesMeta": {
        "@vue/composition-api": {
          "optional": true
        },
        "vue": {
          "optional": true
        }
      }
    },
    "node_modules/algoliasearch": {
      "version": "4.13.1",
      "dev": true,
      "license": "MIT",
      "dependencies": {
        "@algolia/cache-browser-local-storage": "4.13.1",
        "@algolia/cache-common": "4.13.1",
        "@algolia/cache-in-memory": "4.13.1",
        "@algolia/client-account": "4.13.1",
        "@algolia/client-analytics": "4.13.1",
        "@algolia/client-common": "4.13.1",
        "@algolia/client-personalization": "4.13.1",
        "@algolia/client-search": "4.13.1",
        "@algolia/logger-common": "4.13.1",
        "@algolia/logger-console": "4.13.1",
        "@algolia/requester-browser-xhr": "4.13.1",
        "@algolia/requester-common": "4.13.1",
        "@algolia/requester-node-http": "4.13.1",
        "@algolia/transporter": "4.13.1"
      }
    },
    "node_modules/asynckit": {
      "version": "0.4.0",
      "license": "MIT"
    },
    "node_modules/axios": {
      "version": "0.27.2",
      "resolved": "https://registry.npmmirror.com/axios/-/axios-0.27.2.tgz",
      "integrity": "sha512-t+yRIyySRTp/wua5xEr+z1q60QmLq8ABsS5O9Me1AsE5dfKqgnCFzwiCZZ/cGNd1lq4/7akDWMxdhVlucjmnOQ==",
      "dependencies": {
        "follow-redirects": "^1.14.9",
        "form-data": "^4.0.0"
      }
    },
    "node_modules/body-scroll-lock": {
      "version": "4.0.0-beta.0",
      "dev": true,
      "license": "MIT"
    },
    "node_modules/combined-stream": {
      "version": "1.0.8",
      "license": "MIT",
      "dependencies": {
        "delayed-stream": "~1.0.0"
      },
      "engines": {
        "node": ">= 0.8"
      }
    },
    "node_modules/copy-anything": {
      "version": "2.0.6",
      "dev": true,
      "license": "MIT",
      "dependencies": {
        "is-what": "^3.14.1"
      },
      "funding": {
        "url": "https://github.com/sponsors/mesqueeb"
      }
    },
    "node_modules/csstype": {
      "version": "2.6.20",
      "license": "MIT"
    },
    "node_modules/debug": {
      "version": "3.2.7",
      "dev": true,
      "license": "MIT",
      "optional": true,
      "dependencies": {
        "ms": "^2.1.1"
      }
    },
    "node_modules/delayed-stream": {
      "version": "1.0.0",
      "license": "MIT",
      "engines": {
        "node": ">=0.4.0"
      }
    },
    "node_modules/errno": {
      "version": "0.1.8",
      "dev": true,
      "license": "MIT",
      "optional": true,
      "dependencies": {
        "prr": "~1.0.1"
      },
      "bin": {
        "errno": "cli.js"
      }
    },
    "node_modules/esbuild": {
      "version": "0.14.49",
      "dev": true,
      "hasInstallScript": true,
      "license": "MIT",
      "bin": {
        "esbuild": "bin/esbuild"
      },
      "engines": {
        "node": ">=12"
      },
      "optionalDependencies": {
        "esbuild-android-64": "0.14.49",
        "esbuild-android-arm64": "0.14.49",
        "esbuild-darwin-64": "0.14.49",
        "esbuild-darwin-arm64": "0.14.49",
        "esbuild-freebsd-64": "0.14.49",
        "esbuild-freebsd-arm64": "0.14.49",
        "esbuild-linux-32": "0.14.49",
        "esbuild-linux-64": "0.14.49",
        "esbuild-linux-arm": "0.14.49",
        "esbuild-linux-arm64": "0.14.49",
        "esbuild-linux-mips64le": "0.14.49",
        "esbuild-linux-ppc64le": "0.14.49",
        "esbuild-linux-riscv64": "0.14.49",
        "esbuild-linux-s390x": "0.14.49",
        "esbuild-netbsd-64": "0.14.49",
        "esbuild-openbsd-64": "0.14.49",
        "esbuild-sunos-64": "0.14.49",
        "esbuild-windows-32": "0.14.49",
        "esbuild-windows-64": "0.14.49",
        "esbuild-windows-arm64": "0.14.49"
      }
    },
    "node_modules/esbuild-windows-64": {
      "version": "0.14.49",
      "cpu": [
        "x64"
      ],
      "dev": true,
      "license": "MIT",
      "optional": true,
      "os": [
        "win32"
      ],
      "engines": {
        "node": ">=12"
      }
    },
    "node_modules/estree-walker": {
      "version": "2.0.2",
      "license": "MIT"
    },
    "node_modules/follow-redirects": {
      "version": "1.15.1",
      "funding": [
        {
          "type": "individual",
          "url": "https://github.com/sponsors/RubenVerborgh"
        }
      ],
      "license": "MIT",
      "engines": {
        "node": ">=4.0"
      },
      "peerDependenciesMeta": {
        "debug": {
          "optional": true
        }
      }
    },
    "node_modules/form-data": {
      "version": "4.0.0",
      "license": "MIT",
      "dependencies": {
        "asynckit": "^0.4.0",
        "combined-stream": "^1.0.8",
        "mime-types": "^2.1.12"
      },
      "engines": {
        "node": ">= 6"
      }
    },
    "node_modules/function-bind": {
      "version": "1.1.1",
      "dev": true,
      "license": "MIT"
    },
    "node_modules/graceful-fs": {
      "version": "4.2.10",
      "dev": true,
      "license": "ISC",
      "optional": true
    },
    "node_modules/has": {
      "version": "1.0.3",
      "dev": true,
      "license": "MIT",
      "dependencies": {
        "function-bind": "^1.1.1"
      },
      "engines": {
        "node": ">= 0.4.0"
      }
    },
    "node_modules/iconv-lite": {
      "version": "0.6.3",
      "dev": true,
      "license": "MIT",
      "optional": true,
      "dependencies": {
        "safer-buffer": ">= 2.1.2 < 3.0.0"
      },
      "engines": {
        "node": ">=0.10.0"
      }
    },
    "node_modules/image-size": {
      "version": "0.5.5",
      "dev": true,
      "license": "MIT",
      "optional": true,
      "bin": {
        "image-size": "bin/image-size.js"
      },
      "engines": {
        "node": ">=0.10.0"
      }
    },
    "node_modules/is-core-module": {
      "version": "2.9.0",
      "dev": true,
      "license": "MIT",
      "dependencies": {
        "has": "^1.0.3"
      },
      "funding": {
        "url": "https://github.com/sponsors/ljharb"
      }
    },
    "node_modules/is-what": {
      "version": "3.14.1",
      "dev": true,
      "license": "MIT"
    },
    "node_modules/jsonc-parser": {
      "version": "3.1.0",
      "dev": true,
      "license": "MIT"
    },
    "node_modules/less": {
      "version": "4.1.3",
      "resolved": "https://registry.npmmirror.com/less/-/less-4.1.3.tgz",
      "integrity": "sha512-w16Xk/Ta9Hhyei0Gpz9m7VS8F28nieJaL/VyShID7cYvP6IL5oHeL6p4TXSDJqZE/lNv0oJ2pGVjJsRkfwm5FA==",
      "dev": true,
      "dependencies": {
        "copy-anything": "^2.0.1",
        "parse-node-version": "^1.0.1",
        "tslib": "^2.3.0"
      },
      "bin": {
        "lessc": "bin/lessc"
      },
      "engines": {
        "node": ">=6"
      },
      "optionalDependencies": {
        "errno": "^0.1.1",
        "graceful-fs": "^4.1.2",
        "image-size": "~0.5.0",
        "make-dir": "^2.1.0",
        "mime": "^1.4.1",
        "needle": "^3.1.0",
        "source-map": "~0.6.0"
      }
    },
    "node_modules/magic-string": {
      "version": "0.25.9",
      "license": "MIT",
      "dependencies": {
        "sourcemap-codec": "^1.4.8"
      }
    },
    "node_modules/make-dir": {
      "version": "2.1.0",
      "dev": true,
      "license": "MIT",
      "optional": true,
      "dependencies": {
        "pify": "^4.0.1",
        "semver": "^5.6.0"
      },
      "engines": {
        "node": ">=6"
      }
    },
    "node_modules/mime": {
      "version": "1.6.0",
      "dev": true,
      "license": "MIT",
      "optional": true,
      "bin": {
        "mime": "cli.js"
      },
      "engines": {
        "node": ">=4"
      }
    },
    "node_modules/mime-db": {
      "version": "1.52.0",
      "license": "MIT",
      "engines": {
        "node": ">= 0.6"
      }
    },
    "node_modules/mime-types": {
      "version": "2.1.35",
      "license": "MIT",
      "dependencies": {
        "mime-db": "1.52.0"
      },
      "engines": {
        "node": ">= 0.6"
      }
    },
    "node_modules/ms": {
      "version": "2.1.3",
      "dev": true,
      "license": "MIT",
      "optional": true
    },
    "node_modules/nanoid": {
      "version": "3.3.4",
      "license": "MIT",
      "bin": {
        "nanoid": "bin/nanoid.cjs"
      },
      "engines": {
        "node": "^10 || ^12 || ^13.7 || ^14 || >=15.0.1"
      }
    },
    "node_modules/needle": {
      "version": "3.1.0",
      "dev": true,
      "license": "MIT",
      "optional": true,
      "dependencies": {
        "debug": "^3.2.6",
        "iconv-lite": "^0.6.3",
        "sax": "^1.2.4"
      },
      "bin": {
        "needle": "bin/needle"
      },
      "engines": {
        "node": ">= 4.4.x"
      }
    },
    "node_modules/parse-node-version": {
      "version": "1.0.1",
      "dev": true,
      "license": "MIT",
      "engines": {
        "node": ">= 0.10"
      }
    },
    "node_modules/path-parse": {
      "version": "1.0.7",
      "dev": true,
      "license": "MIT"
    },
    "node_modules/picocolors": {
      "version": "1.0.0",
      "license": "ISC"
    },
    "node_modules/pify": {
      "version": "4.0.1",
      "dev": true,
      "license": "MIT",
      "optional": true,
      "engines": {
        "node": ">=6"
      }
    },
    "node_modules/pinia": {
      "version": "2.0.17",
      "resolved": "https://registry.npmmirror.com/pinia/-/pinia-2.0.17.tgz",
      "integrity": "sha512-AtwLwEWQgIjofjgeFT+nxbnK5lT2QwQjaHNEDqpsi2AiCwf/NY78uWTeHUyEhiiJy8+sBmw0ujgQMoQbWiZDfA==",
      "dependencies": {
        "@vue/devtools-api": "^6.2.1",
        "vue-demi": "*"
      },
      "peerDependencies": {
        "@vue/composition-api": "^1.4.0",
        "typescript": ">=4.4.4",
        "vue": "^2.6.14 || ^3.2.0"
      },
      "peerDependenciesMeta": {
        "@vue/composition-api": {
          "optional": true
        },
        "typescript": {
          "optional": true
        }
      }
    },
    "node_modules/postcss": {
      "version": "8.4.14",
      "funding": [
        {
          "type": "opencollective",
          "url": "https://opencollective.com/postcss/"
        },
        {
          "type": "tidelift",
          "url": "https://tidelift.com/funding/github/npm/postcss"
        }
      ],
      "license": "MIT",
      "dependencies": {
        "nanoid": "^3.3.4",
        "picocolors": "^1.0.0",
        "source-map-js": "^1.0.2"
      },
      "engines": {
        "node": "^10 || ^12 || >=14"
      }
    },
    "node_modules/preact": {
      "version": "10.9.0",
      "dev": true,
      "license": "MIT",
      "funding": {
        "type": "opencollective",
        "url": "https://opencollective.com/preact"
      }
    },
    "node_modules/prr": {
      "version": "1.0.1",
      "dev": true,
      "license": "MIT",
      "optional": true
    },
    "node_modules/resolve": {
      "version": "1.22.1",
      "dev": true,
      "license": "MIT",
      "dependencies": {
        "is-core-module": "^2.9.0",
        "path-parse": "^1.0.7",
        "supports-preserve-symlinks-flag": "^1.0.0"
      },
      "bin": {
        "resolve": "bin/resolve"
      },
      "funding": {
        "url": "https://github.com/sponsors/ljharb"
      }
    },
    "node_modules/rollup": {
      "version": "2.76.0",
      "dev": true,
      "license": "MIT",
      "bin": {
        "rollup": "dist/bin/rollup"
      },
      "engines": {
        "node": ">=10.0.0"
      },
      "optionalDependencies": {
        "fsevents": "~2.3.2"
      }
    },
    "node_modules/safer-buffer": {
      "version": "2.1.2",
      "dev": true,
      "license": "MIT",
      "optional": true
    },
    "node_modules/sax": {
      "version": "1.2.4",
      "dev": true,
      "license": "ISC",
      "optional": true
    },
    "node_modules/semver": {
      "version": "5.7.1",
      "dev": true,
      "license": "ISC",
      "optional": true,
      "bin": {
        "semver": "bin/semver"
      }
    },
    "node_modules/shiki": {
      "version": "0.10.1",
      "dev": true,
      "license": "MIT",
      "dependencies": {
        "jsonc-parser": "^3.0.0",
        "vscode-oniguruma": "^1.6.1",
        "vscode-textmate": "5.2.0"
      }
    },
    "node_modules/source-map": {
      "version": "0.6.1",
      "license": "BSD-3-Clause",
      "engines": {
        "node": ">=0.10.0"
      }
    },
    "node_modules/source-map-js": {
      "version": "1.0.2",
      "license": "BSD-3-Clause",
      "engines": {
        "node": ">=0.10.0"
      }
    },
    "node_modules/sourcemap-codec": {
      "version": "1.4.8",
      "license": "MIT"
    },
    "node_modules/supports-preserve-symlinks-flag": {
      "version": "1.0.0",
      "dev": true,
      "license": "MIT",
      "engines": {
        "node": ">= 0.4"
      },
      "funding": {
        "url": "https://github.com/sponsors/ljharb"
      }
    },
    "node_modules/tslib": {
      "version": "2.4.0",
      "dev": true,
      "license": "0BSD"
    },
    "node_modules/vite": {
      "version": "2.9.14",
      "dev": true,
      "license": "MIT",
      "dependencies": {
        "esbuild": "^0.14.27",
        "postcss": "^8.4.13",
        "resolve": "^1.22.0",
        "rollup": "^2.59.0"
      },
      "bin": {
        "vite": "bin/vite.js"
      },
      "engines": {
        "node": ">=12.2.0"
      },
      "optionalDependencies": {
        "fsevents": "~2.3.2"
      },
      "peerDependencies": {
        "less": "*",
        "sass": "*",
        "stylus": "*"
      },
      "peerDependenciesMeta": {
        "less": {
          "optional": true
        },
        "sass": {
          "optional": true
        },
        "stylus": {
          "optional": true
        }
      }
    },
    "node_modules/vitepress": {
      "version": "1.0.0-alpha.4",
      "resolved": "https://registry.npmmirror.com/vitepress/-/vitepress-1.0.0-alpha.4.tgz",
      "integrity": "sha512-bOAA4KW6vYGlkbcrPLZLTKWTgXVroObU+o9xj9EENyEl6yg26WWvfN7DGA4BftjdM5O8nR93Z5khPQ3W/tFE7Q==",
      "dev": true,
      "dependencies": {
        "@docsearch/css": "^3.0.0",
        "@docsearch/js": "^3.0.0",
        "@vitejs/plugin-vue": "^2.3.2",
        "@vue/devtools-api": "^6.1.4",
        "@vueuse/core": "^8.5.0",
        "body-scroll-lock": "^4.0.0-beta.0",
        "shiki": "^0.10.1",
        "vite": "^2.9.7",
        "vue": "^3.2.33"
      },
      "bin": {
        "vitepress": "bin/vitepress.js"
      },
      "engines": {
        "node": ">=14.6.0"
      }
    },
    "node_modules/vscode-oniguruma": {
      "version": "1.6.2",
      "dev": true,
      "license": "MIT"
    },
    "node_modules/vscode-textmate": {
      "version": "5.2.0",
      "dev": true,
      "license": "MIT"
    },
    "node_modules/vue": {
      "version": "3.2.37",
      "license": "MIT",
      "dependencies": {
        "@vue/compiler-dom": "3.2.37",
        "@vue/compiler-sfc": "3.2.37",
        "@vue/runtime-dom": "3.2.37",
        "@vue/server-renderer": "3.2.37",
        "@vue/shared": "3.2.37"
      }
    },
    "node_modules/vue-demi": {
      "version": "0.13.4",
      "hasInstallScript": true,
      "license": "MIT",
      "bin": {
        "vue-demi-fix": "bin/vue-demi-fix.js",
        "vue-demi-switch": "bin/vue-demi-switch.js"
      },
      "engines": {
        "node": ">=12"
      },
      "funding": {
        "url": "https://github.com/sponsors/antfu"
      },
      "peerDependencies": {
        "@vue/composition-api": "^1.0.0-rc.1",
        "vue": "^3.0.0-0 || ^2.6.0"
      },
      "peerDependenciesMeta": {
        "@vue/composition-api": {
          "optional": true
        }
      }
    }
  },
  "dependencies": {
    "@algolia/autocomplete-core": {
      "version": "1.7.1",
      "dev": true,
      "requires": {
        "@algolia/autocomplete-shared": "1.7.1"
      }
    },
    "@algolia/autocomplete-preset-algolia": {
      "version": "1.7.1",
      "dev": true,
      "requires": {
        "@algolia/autocomplete-shared": "1.7.1"
      }
    },
    "@algolia/autocomplete-shared": {
      "version": "1.7.1",
      "dev": true
    },
    "@algolia/cache-browser-local-storage": {
      "version": "4.13.1",
      "dev": true,
      "requires": {
        "@algolia/cache-common": "4.13.1"
      }
    },
    "@algolia/cache-common": {
      "version": "4.13.1",
      "dev": true
    },
    "@algolia/cache-in-memory": {
      "version": "4.13.1",
      "dev": true,
      "requires": {
        "@algolia/cache-common": "4.13.1"
      }
    },
    "@algolia/client-account": {
      "version": "4.13.1",
      "dev": true,
      "requires": {
        "@algolia/client-common": "4.13.1",
        "@algolia/client-search": "4.13.1",
        "@algolia/transporter": "4.13.1"
      }
    },
    "@algolia/client-analytics": {
      "version": "4.13.1",
      "dev": true,
      "requires": {
        "@algolia/client-common": "4.13.1",
        "@algolia/client-search": "4.13.1",
        "@algolia/requester-common": "4.13.1",
        "@algolia/transporter": "4.13.1"
      }
    },
    "@algolia/client-common": {
      "version": "4.13.1",
      "dev": true,
      "requires": {
        "@algolia/requester-common": "4.13.1",
        "@algolia/transporter": "4.13.1"
      }
    },
    "@algolia/client-personalization": {
      "version": "4.13.1",
      "dev": true,
      "requires": {
        "@algolia/client-common": "4.13.1",
        "@algolia/requester-common": "4.13.1",
        "@algolia/transporter": "4.13.1"
      }
    },
    "@algolia/client-search": {
      "version": "4.13.1",
      "dev": true,
      "requires": {
        "@algolia/client-common": "4.13.1",
        "@algolia/requester-common": "4.13.1",
        "@algolia/transporter": "4.13.1"
      }
    },
    "@algolia/logger-common": {
      "version": "4.13.1",
      "dev": true
    },
    "@algolia/logger-console": {
      "version": "4.13.1",
      "dev": true,
      "requires": {
        "@algolia/logger-common": "4.13.1"
      }
    },
    "@algolia/requester-browser-xhr": {
      "version": "4.13.1",
      "dev": true,
      "requires": {
        "@algolia/requester-common": "4.13.1"
      }
    },
    "@algolia/requester-common": {
      "version": "4.13.1",
      "dev": true
    },
    "@algolia/requester-node-http": {
      "version": "4.13.1",
      "dev": true,
      "requires": {
        "@algolia/requester-common": "4.13.1"
      }
    },
    "@algolia/transporter": {
      "version": "4.13.1",
      "dev": true,
      "requires": {
        "@algolia/cache-common": "4.13.1",
        "@algolia/logger-common": "4.13.1",
        "@algolia/requester-common": "4.13.1"
      }
    },
    "@babel/parser": {
      "version": "7.18.8"
    },
    "@docsearch/css": {
      "version": "3.1.1",
      "dev": true
    },
    "@docsearch/js": {
      "version": "3.1.1",
      "dev": true,
      "requires": {
        "@docsearch/react": "3.1.1",
        "preact": "^10.0.0"
      }
    },
    "@docsearch/react": {
      "version": "3.1.1",
      "dev": true,
      "requires": {
        "@algolia/autocomplete-core": "1.7.1",
        "@algolia/autocomplete-preset-algolia": "1.7.1",
        "@docsearch/css": "3.1.1",
        "algoliasearch": "^4.0.0"
      }
    },
    "@types/web-bluetooth": {
      "version": "0.0.14",
      "dev": true
    },
    "@vitejs/plugin-vue": {
      "version": "2.3.3",
      "dev": true,
      "requires": {}
    },
    "@vue/compiler-core": {
      "version": "3.2.37",
      "requires": {
        "@babel/parser": "^7.16.4",
        "@vue/shared": "3.2.37",
        "estree-walker": "^2.0.2",
        "source-map": "^0.6.1"
      }
    },
    "@vue/compiler-dom": {
      "version": "3.2.37",
      "requires": {
        "@vue/compiler-core": "3.2.37",
        "@vue/shared": "3.2.37"
      }
    },
    "@vue/compiler-sfc": {
      "version": "3.2.37",
      "requires": {
        "@babel/parser": "^7.16.4",
        "@vue/compiler-core": "3.2.37",
        "@vue/compiler-dom": "3.2.37",
        "@vue/compiler-ssr": "3.2.37",
        "@vue/reactivity-transform": "3.2.37",
        "@vue/shared": "3.2.37",
        "estree-walker": "^2.0.2",
        "magic-string": "^0.25.7",
        "postcss": "^8.1.10",
        "source-map": "^0.6.1"
      }
    },
    "@vue/compiler-ssr": {
      "version": "3.2.37",
      "requires": {
        "@vue/compiler-dom": "3.2.37",
        "@vue/shared": "3.2.37"
      }
    },
    "@vue/devtools-api": {
      "version": "6.2.1",
      "resolved": "https://registry.npmmirror.com/@vue/devtools-api/-/devtools-api-6.2.1.tgz",
      "integrity": "sha512-OEgAMeQXvCoJ+1x8WyQuVZzFo0wcyCmUR3baRVLmKBo1LmYZWMlRiXlux5jd0fqVJu6PfDbOrZItVqUEzLobeQ=="
    },
    "@vue/reactivity": {
      "version": "3.2.37",
      "requires": {
        "@vue/shared": "3.2.37"
      }
    },
    "@vue/reactivity-transform": {
      "version": "3.2.37",
      "requires": {
        "@babel/parser": "^7.16.4",
        "@vue/compiler-core": "3.2.37",
        "@vue/shared": "3.2.37",
        "estree-walker": "^2.0.2",
        "magic-string": "^0.25.7"
      }
    },
    "@vue/runtime-core": {
      "version": "3.2.37",
      "requires": {
        "@vue/reactivity": "3.2.37",
        "@vue/shared": "3.2.37"
      }
    },
    "@vue/runtime-dom": {
      "version": "3.2.37",
      "requires": {
        "@vue/runtime-core": "3.2.37",
        "@vue/shared": "3.2.37",
        "csstype": "^2.6.8"
      }
    },
    "@vue/server-renderer": {
      "version": "3.2.37",
      "requires": {
        "@vue/compiler-ssr": "3.2.37",
        "@vue/shared": "3.2.37"
      }
    },
    "@vue/shared": {
      "version": "3.2.37"
    },
    "@vueuse/core": {
      "version": "8.9.2",
      "dev": true,
      "requires": {
        "@types/web-bluetooth": "^0.0.14",
        "@vueuse/metadata": "8.9.2",
        "@vueuse/shared": "8.9.2",
        "vue-demi": "*"
      }
    },
    "@vueuse/metadata": {
      "version": "8.9.2",
      "dev": true
    },
    "@vueuse/shared": {
      "version": "8.9.2",
      "dev": true,
      "requires": {
        "vue-demi": "*"
      }
    },
    "algoliasearch": {
      "version": "4.13.1",
      "dev": true,
      "requires": {
        "@algolia/cache-browser-local-storage": "4.13.1",
        "@algolia/cache-common": "4.13.1",
        "@algolia/cache-in-memory": "4.13.1",
        "@algolia/client-account": "4.13.1",
        "@algolia/client-analytics": "4.13.1",
        "@algolia/client-common": "4.13.1",
        "@algolia/client-personalization": "4.13.1",
        "@algolia/client-search": "4.13.1",
        "@algolia/logger-common": "4.13.1",
        "@algolia/logger-console": "4.13.1",
        "@algolia/requester-browser-xhr": "4.13.1",
        "@algolia/requester-common": "4.13.1",
        "@algolia/requester-node-http": "4.13.1",
        "@algolia/transporter": "4.13.1"
      }
    },
    "asynckit": {
      "version": "0.4.0"
    },
    "axios": {
      "version": "0.27.2",
      "resolved": "https://registry.npmmirror.com/axios/-/axios-0.27.2.tgz",
      "integrity": "sha512-t+yRIyySRTp/wua5xEr+z1q60QmLq8ABsS5O9Me1AsE5dfKqgnCFzwiCZZ/cGNd1lq4/7akDWMxdhVlucjmnOQ==",
      "requires": {
        "follow-redirects": "^1.14.9",
        "form-data": "^4.0.0"
      }
    },
    "body-scroll-lock": {
      "version": "4.0.0-beta.0",
      "dev": true
    },
    "combined-stream": {
      "version": "1.0.8",
      "requires": {
        "delayed-stream": "~1.0.0"
      }
    },
    "copy-anything": {
      "version": "2.0.6",
      "dev": true,
      "requires": {
        "is-what": "^3.14.1"
      }
    },
    "csstype": {
      "version": "2.6.20"
    },
    "debug": {
      "version": "3.2.7",
      "dev": true,
      "optional": true,
      "requires": {
        "ms": "^2.1.1"
      }
    },
    "delayed-stream": {
      "version": "1.0.0"
    },
    "errno": {
      "version": "0.1.8",
      "dev": true,
      "optional": true,
      "requires": {
        "prr": "~1.0.1"
      }
    },
    "esbuild": {
      "version": "0.14.49",
      "dev": true,
      "requires": {
        "esbuild-android-64": "0.14.49",
        "esbuild-android-arm64": "0.14.49",
        "esbuild-darwin-64": "0.14.49",
        "esbuild-darwin-arm64": "0.14.49",
        "esbuild-freebsd-64": "0.14.49",
        "esbuild-freebsd-arm64": "0.14.49",
        "esbuild-linux-32": "0.14.49",
        "esbuild-linux-64": "0.14.49",
        "esbuild-linux-arm": "0.14.49",
        "esbuild-linux-arm64": "0.14.49",
        "esbuild-linux-mips64le": "0.14.49",
        "esbuild-linux-ppc64le": "0.14.49",
        "esbuild-linux-riscv64": "0.14.49",
        "esbuild-linux-s390x": "0.14.49",
        "esbuild-netbsd-64": "0.14.49",
        "esbuild-openbsd-64": "0.14.49",
        "esbuild-sunos-64": "0.14.49",
        "esbuild-windows-32": "0.14.49",
        "esbuild-windows-64": "0.14.49",
        "esbuild-windows-arm64": "0.14.49"
      }
    },
    "esbuild-windows-64": {
      "version": "0.14.49",
      "dev": true,
      "optional": true
    },
    "estree-walker": {
      "version": "2.0.2"
    },
    "follow-redirects": {
      "version": "1.15.1"
    },
    "form-data": {
      "version": "4.0.0",
      "requires": {
        "asynckit": "^0.4.0",
        "combined-stream": "^1.0.8",
        "mime-types": "^2.1.12"
      }
    },
    "function-bind": {
      "version": "1.1.1",
      "dev": true
    },
    "graceful-fs": {
      "version": "4.2.10",
      "dev": true,
      "optional": true
    },
    "has": {
      "version": "1.0.3",
      "dev": true,
      "requires": {
        "function-bind": "^1.1.1"
      }
    },
    "iconv-lite": {
      "version": "0.6.3",
      "dev": true,
      "optional": true,
      "requires": {
        "safer-buffer": ">= 2.1.2 < 3.0.0"
      }
    },
    "image-size": {
      "version": "0.5.5",
      "dev": true,
      "optional": true
    },
    "is-core-module": {
      "version": "2.9.0",
      "dev": true,
      "requires": {
        "has": "^1.0.3"
      }
    },
    "is-what": {
      "version": "3.14.1",
      "dev": true
    },
    "jsonc-parser": {
      "version": "3.1.0",
      "dev": true
    },
    "less": {
      "version": "4.1.3",
      "resolved": "https://registry.npmmirror.com/less/-/less-4.1.3.tgz",
      "integrity": "sha512-w16Xk/Ta9Hhyei0Gpz9m7VS8F28nieJaL/VyShID7cYvP6IL5oHeL6p4TXSDJqZE/lNv0oJ2pGVjJsRkfwm5FA==",
      "dev": true,
      "requires": {
        "copy-anything": "^2.0.1",
        "errno": "^0.1.1",
        "graceful-fs": "^4.1.2",
        "image-size": "~0.5.0",
        "make-dir": "^2.1.0",
        "mime": "^1.4.1",
        "needle": "^3.1.0",
        "parse-node-version": "^1.0.1",
        "source-map": "~0.6.0",
        "tslib": "^2.3.0"
      }
    },
    "magic-string": {
      "version": "0.25.9",
      "requires": {
        "sourcemap-codec": "^1.4.8"
      }
    },
    "make-dir": {
      "version": "2.1.0",
      "dev": true,
      "optional": true,
      "requires": {
        "pify": "^4.0.1",
        "semver": "^5.6.0"
      }
    },
    "mime": {
      "version": "1.6.0",
      "dev": true,
      "optional": true
    },
    "mime-db": {
      "version": "1.52.0"
    },
    "mime-types": {
      "version": "2.1.35",
      "requires": {
        "mime-db": "1.52.0"
      }
    },
    "ms": {
      "version": "2.1.3",
      "dev": true,
      "optional": true
    },
    "nanoid": {
      "version": "3.3.4"
    },
    "needle": {
      "version": "3.1.0",
      "dev": true,
      "optional": true,
      "requires": {
        "debug": "^3.2.6",
        "iconv-lite": "^0.6.3",
        "sax": "^1.2.4"
      }
    },
    "parse-node-version": {
      "version": "1.0.1",
      "dev": true
    },
    "path-parse": {
      "version": "1.0.7",
      "dev": true
    },
    "picocolors": {
      "version": "1.0.0"
    },
    "pify": {
      "version": "4.0.1",
      "dev": true,
      "optional": true
    },
    "pinia": {
      "version": "2.0.17",
      "resolved": "https://registry.npmmirror.com/pinia/-/pinia-2.0.17.tgz",
      "integrity": "sha512-AtwLwEWQgIjofjgeFT+nxbnK5lT2QwQjaHNEDqpsi2AiCwf/NY78uWTeHUyEhiiJy8+sBmw0ujgQMoQbWiZDfA==",
      "requires": {
        "@vue/devtools-api": "^6.2.1",
        "vue-demi": "*"
      }
    },
    "postcss": {
      "version": "8.4.14",
      "requires": {
        "nanoid": "^3.3.4",
        "picocolors": "^1.0.0",
        "source-map-js": "^1.0.2"
      }
    },
    "preact": {
      "version": "10.9.0",
      "dev": true
    },
    "prr": {
      "version": "1.0.1",
      "dev": true,
      "optional": true
    },
    "resolve": {
      "version": "1.22.1",
      "dev": true,
      "requires": {
        "is-core-module": "^2.9.0",
        "path-parse": "^1.0.7",
        "supports-preserve-symlinks-flag": "^1.0.0"
      }
    },
    "rollup": {
      "version": "2.76.0",
      "dev": true,
      "requires": {
        "fsevents": "~2.3.2"
      }
    },
    "safer-buffer": {
      "version": "2.1.2",
      "dev": true,
      "optional": true
    },
    "sax": {
      "version": "1.2.4",
      "dev": true,
      "optional": true
    },
    "semver": {
      "version": "5.7.1",
      "dev": true,
      "optional": true
    },
    "shiki": {
      "version": "0.10.1",
      "dev": true,
      "requires": {
        "jsonc-parser": "^3.0.0",
        "vscode-oniguruma": "^1.6.1",
        "vscode-textmate": "5.2.0"
      }
    },
    "source-map": {
      "version": "0.6.1"
    },
    "source-map-js": {
      "version": "1.0.2"
    },
    "sourcemap-codec": {
      "version": "1.4.8"
    },
    "supports-preserve-symlinks-flag": {
      "version": "1.0.0",
      "dev": true
    },
    "tslib": {
      "version": "2.4.0",
      "dev": true
    },
    "vite": {
      "version": "2.9.14",
      "dev": true,
      "requires": {
        "esbuild": "^0.14.27",
        "fsevents": "~2.3.2",
        "postcss": "^8.4.13",
        "resolve": "^1.22.0",
        "rollup": "^2.59.0"
      }
    },
    "vitepress": {
      "version": "1.0.0-alpha.4",
      "resolved": "https://registry.npmmirror.com/vitepress/-/vitepress-1.0.0-alpha.4.tgz",
      "integrity": "sha512-bOAA4KW6vYGlkbcrPLZLTKWTgXVroObU+o9xj9EENyEl6yg26WWvfN7DGA4BftjdM5O8nR93Z5khPQ3W/tFE7Q==",
      "dev": true,
      "requires": {
        "@docsearch/css": "^3.0.0",
        "@docsearch/js": "^3.0.0",
        "@vitejs/plugin-vue": "^2.3.2",
        "@vue/devtools-api": "^6.1.4",
        "@vueuse/core": "^8.5.0",
        "body-scroll-lock": "^4.0.0-beta.0",
        "shiki": "^0.10.1",
        "vite": "^2.9.7",
        "vue": "^3.2.33"
      }
    },
    "vscode-oniguruma": {
      "version": "1.6.2",
      "dev": true
    },
    "vscode-textmate": {
      "version": "5.2.0",
      "dev": true
    },
    "vue": {
      "version": "3.2.37",
      "requires": {
        "@vue/compiler-dom": "3.2.37",
        "@vue/compiler-sfc": "3.2.37",
        "@vue/runtime-dom": "3.2.37",
        "@vue/server-renderer": "3.2.37",
        "@vue/shared": "3.2.37"
      }
    },
    "vue-demi": {
      "version": "0.13.4",
      "requires": {}
    }
  }
}
